// !$*UTF8*$!
{
	archiveVersion = 1;
	classes = {
	};
	objectVersion = 50;
	objects = {

/* Begin PBXBuildFile section */
		5F83550A3FFE617D5A9D3169 /* Pods_DonationTracker.framework in Frameworks */ = {isa = PBXBuildFile; fileRef = 25BF047DCF562C4C2CA00B63 /* Pods_DonationTracker.framework */; };
		E513B1B921A87CC100CD12A6 /* AppDelegate.swift in Sources */ = {isa = PBXBuildFile; fileRef = E513B1B821A87CC100CD12A6 /* AppDelegate.swift */; };
		E513B1C021A87CC300CD12A6 /* Assets.xcassets in Resources */ = {isa = PBXBuildFile; fileRef = E513B1BF21A87CC300CD12A6 /* Assets.xcassets */; };
		E513B1C321A87CC300CD12A6 /* LaunchScreen.storyboard in Resources */ = {isa = PBXBuildFile; fileRef = E513B1C121A87CC300CD12A6 /* LaunchScreen.storyboard */; };
		E513B1D121A888C900CD12A6 /* UserInformation.swift in Sources */ = {isa = PBXBuildFile; fileRef = E513B1D021A888C900CD12A6 /* UserInformation.swift */; };
		E513B1D321A888D600CD12A6 /* User.swift in Sources */ = {isa = PBXBuildFile; fileRef = E513B1D221A888D600CD12A6 /* User.swift */; };
		E513B1D821A88B5500CD12A6 /* UserType.swift in Sources */ = {isa = PBXBuildFile; fileRef = E513B1D721A88B5500CD12A6 /* UserType.swift */; };
		E513B1DA21A899A200CD12A6 /* MainPageActivity.swift in Sources */ = {isa = PBXBuildFile; fileRef = E513B1D921A899A200CD12A6 /* MainPageActivity.swift */; };
		E5247DF621AC9FF100701F97 /* Main.storyboard in Resources */ = {isa = PBXBuildFile; fileRef = E5247DF521AC9FF100701F97 /* Main.storyboard */; };
		E5247DF821ACA43B00701F97 /* AddItemActivity.swift in Sources */ = {isa = PBXBuildFile; fileRef = E5247DF721ACA43B00701F97 /* AddItemActivity.swift */; };
		E5247DFC21B3467800701F97 /* ItemListActivity.swift in Sources */ = {isa = PBXBuildFile; fileRef = E5247DFB21B3467800701F97 /* ItemListActivity.swift */; };
		E5247DFE21B358C700701F97 /* Item.swift in Sources */ = {isa = PBXBuildFile; fileRef = E5247DFD21B358C700701F97 /* Item.swift */; };
		E5247E0021B3642600701F97 /* NavigateToItemListActivity.swift in Sources */ = {isa = PBXBuildFile; fileRef = E5247DFF21B3642600701F97 /* NavigateToItemListActivity.swift */; };
		E5247E0221B466C700701F97 /* ItemDetailActivity.swift in Sources */ = {isa = PBXBuildFile; fileRef = E5247E0121B466C700701F97 /* ItemDetailActivity.swift */; };
		E5247E0421B474D700701F97 /* EditItemActivity.swift in Sources */ = {isa = PBXBuildFile; fileRef = E5247E0321B474D700701F97 /* EditItemActivity.swift */; };
		E5247E0621B4A4C400701F97 /* MapActivity.swift in Sources */ = {isa = PBXBuildFile; fileRef = E5247E0521B4A4C400701F97 /* MapActivity.swift */; };
		E5247E0821B4A98000701F97 /* NavigateToMapActivity.swift in Sources */ = {isa = PBXBuildFile; fileRef = E5247E0721B4A98000701F97 /* NavigateToMapActivity.swift */; };
		E57F816321A9E69D00F4DB49 /* GoogleService-Info.plist in Resources */ = {isa = PBXBuildFile; fileRef = E57F816221A9E69D00F4DB49 /* GoogleService-Info.plist */; };
		E57F816521A9EEBD00F4DB49 /* LoginViewController.swift in Sources */ = {isa = PBXBuildFile; fileRef = E57F816421A9EEBD00F4DB49 /* LoginViewController.swift */; };
		E57F816921A9F35800F4DB49 /* RegisterViewController.swift in Sources */ = {isa = PBXBuildFile; fileRef = E57F816821A9F35800F4DB49 /* RegisterViewController.swift */; };
		E57F816E21AA5C1C00F4DB49 /* credentials.plist in Resources */ = {isa = PBXBuildFile; fileRef = E57F816D21AA5C1C00F4DB49 /* credentials.plist */; };
		E57F817021AB086100F4DB49 /* LocationData.csv in Resources */ = {isa = PBXBuildFile; fileRef = E57F816F21AB086100F4DB49 /* LocationData.csv */; };
		E57F817221AC7DDE00F4DB49 /* Location.swift in Sources */ = {isa = PBXBuildFile; fileRef = E57F817121AC7DDE00F4DB49 /* Location.swift */; };
		E57F817421AC88EA00F4DB49 /* AddLocationDataToDB.swift in Sources */ = {isa = PBXBuildFile; fileRef = E57F817321AC88EA00F4DB49 /* AddLocationDataToDB.swift */; };
		E57F817621AC8CAB00F4DB49 /* LocationListActivity.swift in Sources */ = {isa = PBXBuildFile; fileRef = E57F817521AC8CAB00F4DB49 /* LocationListActivity.swift */; };
/* End PBXBuildFile section */

/* Begin PBXFileReference section */
		25BF047DCF562C4C2CA00B63 /* Pods_DonationTracker.framework */ = {isa = PBXFileReference; explicitFileType = wrapper.framework; includeInIndex = 0; path = Pods_DonationTracker.framework; sourceTree = BUILT_PRODUCTS_DIR; };
		316DC5580EEE5A4D7615CE47 /* Pods-DonationTracker.release.xcconfig */ = {isa = PBXFileReference; includeInIndex = 1; lastKnownFileType = text.xcconfig; name = "Pods-DonationTracker.release.xcconfig"; path = "Pods/Target Support Files/Pods-DonationTracker/Pods-DonationTracker.release.xcconfig"; sourceTree = "<group>"; };
		7A8EE8BDE08B8FD9C309CC92 /* Pods-DonationTracker.debug.xcconfig */ = {isa = PBXFileReference; includeInIndex = 1; lastKnownFileType = text.xcconfig; name = "Pods-DonationTracker.debug.xcconfig"; path = "Pods/Target Support Files/Pods-DonationTracker/Pods-DonationTracker.debug.xcconfig"; sourceTree = "<group>"; };
		E513B1B521A87CC100CD12A6 /* DonationTracker.app */ = {isa = PBXFileReference; explicitFileType = wrapper.application; includeInIndex = 0; path = DonationTracker.app; sourceTree = BUILT_PRODUCTS_DIR; };
		E513B1B821A87CC100CD12A6 /* AppDelegate.swift */ = {isa = PBXFileReference; lastKnownFileType = sourcecode.swift; path = AppDelegate.swift; sourceTree = "<group>"; };
		E513B1BF21A87CC300CD12A6 /* Assets.xcassets */ = {isa = PBXFileReference; lastKnownFileType = folder.assetcatalog; path = Assets.xcassets; sourceTree = "<group>"; };
		E513B1C221A87CC300CD12A6 /* Base */ = {isa = PBXFileReference; lastKnownFileType = file.storyboard; name = Base; path = Base.lproj/LaunchScreen.storyboard; sourceTree = "<group>"; };
		E513B1C421A87CC300CD12A6 /* Info.plist */ = {isa = PBXFileReference; lastKnownFileType = text.plist.xml; path = Info.plist; sourceTree = "<group>"; };
		E513B1D021A888C900CD12A6 /* UserInformation.swift */ = {isa = PBXFileReference; lastKnownFileType = sourcecode.swift; path = UserInformation.swift; sourceTree = "<group>"; };
		E513B1D221A888D600CD12A6 /* User.swift */ = {isa = PBXFileReference; lastKnownFileType = sourcecode.swift; path = User.swift; sourceTree = "<group>"; };
		E513B1D721A88B5500CD12A6 /* UserType.swift */ = {isa = PBXFileReference; lastKnownFileType = sourcecode.swift; path = UserType.swift; sourceTree = "<group>"; };
		E513B1D921A899A200CD12A6 /* MainPageActivity.swift */ = {isa = PBXFileReference; lastKnownFileType = sourcecode.swift; path = MainPageActivity.swift; sourceTree = "<group>"; };
		E5247DF521AC9FF100701F97 /* Main.storyboard */ = {isa = PBXFileReference; fileEncoding = 4; lastKnownFileType = file.storyboard; path = Main.storyboard; sourceTree = "<group>"; };
		E5247DF721ACA43B00701F97 /* AddItemActivity.swift */ = {isa = PBXFileReference; lastKnownFileType = sourcecode.swift; path = AddItemActivity.swift; sourceTree = "<group>"; };
		E5247DFB21B3467800701F97 /* ItemListActivity.swift */ = {isa = PBXFileReference; lastKnownFileType = sourcecode.swift; path = ItemListActivity.swift; sourceTree = "<group>"; };
		E5247DFD21B358C700701F97 /* Item.swift */ = {isa = PBXFileReference; lastKnownFileType = sourcecode.swift; path = Item.swift; sourceTree = "<group>"; };
		E5247DFF21B3642600701F97 /* NavigateToItemListActivity.swift */ = {isa = PBXFileReference; lastKnownFileType = sourcecode.swift; path = NavigateToItemListActivity.swift; sourceTree = "<group>"; };
		E5247E0121B466C700701F97 /* ItemDetailActivity.swift */ = {isa = PBXFileReference; lastKnownFileType = sourcecode.swift; path = ItemDetailActivity.swift; sourceTree = "<group>"; };
		E5247E0321B474D700701F97 /* EditItemActivity.swift */ = {isa = PBXFileReference; lastKnownFileType = sourcecode.swift; path = EditItemActivity.swift; sourceTree = "<group>"; };
		E5247E0521B4A4C400701F97 /* MapActivity.swift */ = {isa = PBXFileReference; lastKnownFileType = sourcecode.swift; path = MapActivity.swift; sourceTree = "<group>"; };
		E5247E0721B4A98000701F97 /* NavigateToMapActivity.swift */ = {isa = PBXFileReference; lastKnownFileType = sourcecode.swift; path = NavigateToMapActivity.swift; sourceTree = "<group>"; };
		E57F816221A9E69D00F4DB49 /* GoogleService-Info.plist */ = {isa = PBXFileReference; fileEncoding = 4; lastKnownFileType = text.plist.xml; path = "GoogleService-Info.plist"; sourceTree = "<group>"; };
		E57F816421A9EEBD00F4DB49 /* LoginViewController.swift */ = {isa = PBXFileReference; lastKnownFileType = sourcecode.swift; path = LoginViewController.swift; sourceTree = "<group>"; };
		E57F816821A9F35800F4DB49 /* RegisterViewController.swift */ = {isa = PBXFileReference; lastKnownFileType = sourcecode.swift; path = RegisterViewController.swift; sourceTree = "<group>"; };
		E57F816D21AA5C1C00F4DB49 /* credentials.plist */ = {isa = PBXFileReference; fileEncoding = 4; lastKnownFileType = text.plist.xml; path = credentials.plist; sourceTree = "<group>"; };
		E57F816F21AB086100F4DB49 /* LocationData.csv */ = {isa = PBXFileReference; fileEncoding = 4; lastKnownFileType = text; path = LocationData.csv; sourceTree = "<group>"; };
		E57F817121AC7DDE00F4DB49 /* Location.swift */ = {isa = PBXFileReference; lastKnownFileType = sourcecode.swift; path = Location.swift; sourceTree = "<group>"; };
		E57F817321AC88EA00F4DB49 /* AddLocationDataToDB.swift */ = {isa = PBXFileReference; lastKnownFileType = sourcecode.swift; path = AddLocationDataToDB.swift; sourceTree = "<group>"; };
		E57F817521AC8CAB00F4DB49 /* LocationListActivity.swift */ = {isa = PBXFileReference; lastKnownFileType = sourcecode.swift; path = LocationListActivity.swift; sourceTree = "<group>"; };
/* End PBXFileReference section */

/* Begin PBXFrameworksBuildPhase section */
		E513B1B221A87CC100CD12A6 /* Frameworks */ = {
			isa = PBXFrameworksBuildPhase;
			buildActionMask = 2147483647;
			files = (
				5F83550A3FFE617D5A9D3169 /* Pods_DonationTracker.framework in Frameworks */,
			);
			runOnlyForDeploymentPostprocessing = 0;
		};
/* End PBXFrameworksBuildPhase section */

/* Begin PBXGroup section */
		B24FBF9C28CFD760388D3C75 /* Pods */ = {
			isa = PBXGroup;
			children = (
				7A8EE8BDE08B8FD9C309CC92 /* Pods-DonationTracker.debug.xcconfig */,
				316DC5580EEE5A4D7615CE47 /* Pods-DonationTracker.release.xcconfig */,
			);
			name = Pods;
			sourceTree = "<group>";
		};
		B95EB7387414A86A6247B52B /* Frameworks */ = {
			isa = PBXGroup;
			children = (
				25BF047DCF562C4C2CA00B63 /* Pods_DonationTracker.framework */,
			);
			name = Frameworks;
			sourceTree = "<group>";
		};
		E513B1AC21A87CC100CD12A6 = {
			isa = PBXGroup;
			children = (
				E513B1B721A87CC100CD12A6 /* DonationTracker */,
				E513B1B621A87CC100CD12A6 /* Products */,
				B24FBF9C28CFD760388D3C75 /* Pods */,
				B95EB7387414A86A6247B52B /* Frameworks */,
			);
			sourceTree = "<group>";
		};
		E513B1B621A87CC100CD12A6 /* Products */ = {
			isa = PBXGroup;
			children = (
				E513B1B521A87CC100CD12A6 /* DonationTracker.app */,
			);
			name = Products;
			sourceTree = "<group>";
		};
		E513B1B721A87CC100CD12A6 /* DonationTracker */ = {
			isa = PBXGroup;
			children = (
				E5247DF521AC9FF100701F97 /* Main.storyboard */,
				E57F816D21AA5C1C00F4DB49 /* credentials.plist */,
				E57F816221A9E69D00F4DB49 /* GoogleService-Info.plist */,
				E513B1C421A87CC300CD12A6 /* Info.plist */,
				E57F816F21AB086100F4DB49 /* LocationData.csv */,
				E513B1CD21A884B700CD12A6 /* SupportFiles */,
				E513B1CC21A8848800CD12A6 /* Controller */,
				E513B1CB21A8848300CD12A6 /* View */,
				E513B1CA21A8847700CD12A6 /* Model */,
			);
			path = DonationTracker;
			sourceTree = "<group>";
		};
		E513B1CA21A8847700CD12A6 /* Model */ = {
			isa = PBXGroup;
			children = (
				E513B1D021A888C900CD12A6 /* UserInformation.swift */,
				E513B1D221A888D600CD12A6 /* User.swift */,
				E513B1D721A88B5500CD12A6 /* UserType.swift */,
				E57F817121AC7DDE00F4DB49 /* Location.swift */,
				E57F817321AC88EA00F4DB49 /* AddLocationDataToDB.swift */,
				E5247DFD21B358C700701F97 /* Item.swift */,
			);
			path = Model;
			sourceTree = "<group>";
		};
		E513B1CB21A8848300CD12A6 /* View */ = {
			isa = PBXGroup;
			children = (
				E513B1C121A87CC300CD12A6 /* LaunchScreen.storyboard */,
			);
			path = View;
			sourceTree = "<group>";
		};
		E513B1CC21A8848800CD12A6 /* Controller */ = {
			isa = PBXGroup;
			children = (
				E513B1B821A87CC100CD12A6 /* AppDelegate.swift */,
				E513B1D921A899A200CD12A6 /* MainPageActivity.swift */,
				E57F816421A9EEBD00F4DB49 /* LoginViewController.swift */,
				E57F816821A9F35800F4DB49 /* RegisterViewController.swift */,
				E57F817521AC8CAB00F4DB49 /* LocationListActivity.swift */,
				E5247DF721ACA43B00701F97 /* AddItemActivity.swift */,
				E5247DFB21B3467800701F97 /* ItemListActivity.swift */,
				E5247DFF21B3642600701F97 /* NavigateToItemListActivity.swift */,
				E5247E0121B466C700701F97 /* ItemDetailActivity.swift */,
				E5247E0321B474D700701F97 /* EditItemActivity.swift */,
				E5247E0521B4A4C400701F97 /* MapActivity.swift */,
				E5247E0721B4A98000701F97 /* NavigateToMapActivity.swift */,
			);
			path = Controller;
			sourceTree = "<group>";
		};
		E513B1CD21A884B700CD12A6 /* SupportFiles */ = {
			isa = PBXGroup;
			children = (
				E513B1BF21A87CC300CD12A6 /* Assets.xcassets */,
			);
			path = SupportFiles;
			sourceTree = "<group>";
		};
/* End PBXGroup section */

/* Begin PBXNativeTarget section */
		E513B1B421A87CC100CD12A6 /* DonationTracker */ = {
			isa = PBXNativeTarget;
			buildConfigurationList = E513B1C721A87CC300CD12A6 /* Build configuration list for PBXNativeTarget "DonationTracker" */;
			buildPhases = (
				03324E67D8836C27D9C47611 /* [CP] Check Pods Manifest.lock */,
				E513B1B121A87CC100CD12A6 /* Sources */,
				E513B1B221A87CC100CD12A6 /* Frameworks */,
				E513B1B321A87CC100CD12A6 /* Resources */,
				4B2C746A64C93E9160FCB939 /* [CP] Embed Pods Frameworks */,
				886B442A1D5C12E61B0858CE /* [CP] Copy Pods Resources */,
			);
			buildRules = (
			);
			dependencies = (
			);
			name = DonationTracker;
			productName = DonationTracker;
			productReference = E513B1B521A87CC100CD12A6 /* DonationTracker.app */;
			productType = "com.apple.product-type.application";
		};
/* End PBXNativeTarget section */

/* Begin PBXProject section */
		E513B1AD21A87CC100CD12A6 /* Project object */ = {
			isa = PBXProject;
			attributes = {
				LastSwiftUpdateCheck = 1000;
				LastUpgradeCheck = 1000;
				ORGANIZATIONNAME = Brachio;
				TargetAttributes = {
					E513B1B421A87CC100CD12A6 = {
						CreatedOnToolsVersion = 10.0;
					};
				};
			};
			buildConfigurationList = E513B1B021A87CC100CD12A6 /* Build configuration list for PBXProject "DonationTracker" */;
			compatibilityVersion = "Xcode 9.3";
			developmentRegion = en;
			hasScannedForEncodings = 0;
			knownRegions = (
				en,
				Base,
			);
			mainGroup = E513B1AC21A87CC100CD12A6;
			productRefGroup = E513B1B621A87CC100CD12A6 /* Products */;
			projectDirPath = "";
			projectRoot = "";
			targets = (
				E513B1B421A87CC100CD12A6 /* DonationTracker */,
			);
		};
/* End PBXProject section */

/* Begin PBXResourcesBuildPhase section */
		E513B1B321A87CC100CD12A6 /* Resources */ = {
			isa = PBXResourcesBuildPhase;
			buildActionMask = 2147483647;
			files = (
				E513B1C321A87CC300CD12A6 /* LaunchScreen.storyboard in Resources */,
				E57F817021AB086100F4DB49 /* LocationData.csv in Resources */,
				E513B1C021A87CC300CD12A6 /* Assets.xcassets in Resources */,
				E5247DF621AC9FF100701F97 /* Main.storyboard in Resources */,
				E57F816E21AA5C1C00F4DB49 /* credentials.plist in Resources */,
				E57F816321A9E69D00F4DB49 /* GoogleService-Info.plist in Resources */,
			);
			runOnlyForDeploymentPostprocessing = 0;
		};
/* End PBXResourcesBuildPhase section */

/* Begin PBXShellScriptBuildPhase section */
		03324E67D8836C27D9C47611 /* [CP] Check Pods Manifest.lock */ = {
			isa = PBXShellScriptBuildPhase;
			buildActionMask = 2147483647;
			files = (
			);
			inputPaths = (
				"${PODS_PODFILE_DIR_PATH}/Podfile.lock",
				"${PODS_ROOT}/Manifest.lock",
			);
			name = "[CP] Check Pods Manifest.lock";
			outputPaths = (
				"$(DERIVED_FILE_DIR)/Pods-DonationTracker-checkManifestLockResult.txt",
			);
			runOnlyForDeploymentPostprocessing = 0;
			shellPath = /bin/sh;
			shellScript = "diff \"${PODS_PODFILE_DIR_PATH}/Podfile.lock\" \"${PODS_ROOT}/Manifest.lock\" > /dev/null\nif [ $? != 0 ] ; then\n    # print error to STDERR\n    echo \"error: The sandbox is not in sync with the Podfile.lock. Run 'pod install' or update your CocoaPods installation.\" >&2\n    exit 1\nfi\n# This output is used by Xcode 'outputs' to avoid re-running this script phase.\necho \"SUCCESS\" > \"${SCRIPT_OUTPUT_FILE_0}\"\n";
			showEnvVarsInLog = 0;
		};
		4B2C746A64C93E9160FCB939 /* [CP] Embed Pods Frameworks */ = {
			isa = PBXShellScriptBuildPhase;
			buildActionMask = 2147483647;
			files = (
			);
			inputPaths = (
				"${SRCROOT}/Pods/Target Support Files/Pods-DonationTracker/Pods-DonationTracker-frameworks.sh",
				"${BUILT_PRODUCTS_DIR}/BoringSSL/openssl.framework",
				"${BUILT_PRODUCTS_DIR}/ChameleonFramework/ChameleonFramework.framework",
				"${BUILT_PRODUCTS_DIR}/GTMOAuth2/GTMOAuth2.framework",
				"${BUILT_PRODUCTS_DIR}/GTMSessionFetcher/GTMSessionFetcher.framework",
				"${BUILT_PRODUCTS_DIR}/GoogleToolboxForMac/GoogleToolboxForMac.framework",
				"${BUILT_PRODUCTS_DIR}/GoogleUtilities/GoogleUtilities.framework",
				"${BUILT_PRODUCTS_DIR}/Protobuf/Protobuf.framework",
				"${BUILT_PRODUCTS_DIR}/SVProgressHUD/SVProgressHUD.framework",
				"${BUILT_PRODUCTS_DIR}/gRPC-C++/grpcpp.framework",
				"${BUILT_PRODUCTS_DIR}/gRPC-Core/grpc.framework",
				"${BUILT_PRODUCTS_DIR}/leveldb-library/leveldb.framework",
				"${BUILT_PRODUCTS_DIR}/nanopb/nanopb.framework",
			);
			name = "[CP] Embed Pods Frameworks";
			outputPaths = (
				"${TARGET_BUILD_DIR}/${FRAMEWORKS_FOLDER_PATH}/openssl.framework",
				"${TARGET_BUILD_DIR}/${FRAMEWORKS_FOLDER_PATH}/ChameleonFramework.framework",
				"${TARGET_BUILD_DIR}/${FRAMEWORKS_FOLDER_PATH}/GTMOAuth2.framework",
				"${TARGET_BUILD_DIR}/${FRAMEWORKS_FOLDER_PATH}/GTMSessionFetcher.framework",
				"${TARGET_BUILD_DIR}/${FRAMEWORKS_FOLDER_PATH}/GoogleToolboxForMac.framework",
				"${TARGET_BUILD_DIR}/${FRAMEWORKS_FOLDER_PATH}/GoogleUtilities.framework",
				"${TARGET_BUILD_DIR}/${FRAMEWORKS_FOLDER_PATH}/Protobuf.framework",
				"${TARGET_BUILD_DIR}/${FRAMEWORKS_FOLDER_PATH}/SVProgressHUD.framework",
				"${TARGET_BUILD_DIR}/${FRAMEWORKS_FOLDER_PATH}/grpcpp.framework",
				"${TARGET_BUILD_DIR}/${FRAMEWORKS_FOLDER_PATH}/grpc.framework",
				"${TARGET_BUILD_DIR}/${FRAMEWORKS_FOLDER_PATH}/leveldb.framework",
				"${TARGET_BUILD_DIR}/${FRAMEWORKS_FOLDER_PATH}/nanopb.framework",
			);
			runOnlyForDeploymentPostprocessing = 0;
			shellPath = /bin/sh;
			shellScript = "\"${SRCROOT}/Pods/Target Support Files/Pods-DonationTracker/Pods-DonationTracker-frameworks.sh\"\n";
			showEnvVarsInLog = 0;
		};
		886B442A1D5C12E61B0858CE /* [CP] Copy Pods Resources */ = {
			isa = PBXShellScriptBuildPhase;
			buildActionMask = 2147483647;
			files = (
			);
			inputPaths = (
				"${SRCROOT}/Pods/Target Support Files/Pods-DonationTracker/Pods-DonationTracker-resources.sh",
				"${PODS_CONFIGURATION_BUILD_DIR}/FirebaseFirestore/gRPCCertificates.bundle",
				"${PODS_ROOT}/GoogleMaps/Maps/Frameworks/GoogleMaps.framework/Resources/GoogleMaps.bundle",
				"${PODS_ROOT}/GooglePlaces/Frameworks/GooglePlaces.framework/Resources/GooglePlaces.bundle",
				"${PODS_ROOT}/GoogleSignIn/Resources/GoogleSignIn.bundle",
			);
			name = "[CP] Copy Pods Resources";
			outputPaths = (
				"${TARGET_BUILD_DIR}/${UNLOCALIZED_RESOURCES_FOLDER_PATH}/gRPCCertificates.bundle",
				"${TARGET_BUILD_DIR}/${UNLOCALIZED_RESOURCES_FOLDER_PATH}/GoogleMaps.bundle",
				"${TARGET_BUILD_DIR}/${UNLOCALIZED_RESOURCES_FOLDER_PATH}/GooglePlaces.bundle",
				"${TARGET_BUILD_DIR}/${UNLOCALIZED_RESOURCES_FOLDER_PATH}/GoogleSignIn.bundle",
			);
			runOnlyForDeploymentPostprocessing = 0;
			shellPath = /bin/sh;
			shellScript = "\"${SRCROOT}/Pods/Target Support Files/Pods-DonationTracker/Pods-DonationTracker-resources.sh\"\n";
			showEnvVarsInLog = 0;
		};
/* End PBXShellScriptBuildPhase section */

/* Begin PBXSourcesBuildPhase section */
		E513B1B121A87CC100CD12A6 /* Sources */ = {
			isa = PBXSourcesBuildPhase;
			buildActionMask = 2147483647;
			files = (
				E57F816521A9EEBD00F4DB49 /* LoginViewController.swift in Sources */,
				E5247DFC21B3467800701F97 /* ItemListActivity.swift in Sources */,
				E57F817421AC88EA00F4DB49 /* AddLocationDataToDB.swift in Sources */,
				E5247E0421B474D700701F97 /* EditItemActivity.swift in Sources */,
				E513B1DA21A899A200CD12A6 /* MainPageActivity.swift in Sources */,
				E5247E0021B3642600701F97 /* NavigateToItemListActivity.swift in Sources */,
				E57F817221AC7DDE00F4DB49 /* Location.swift in Sources */,
				E513B1D321A888D600CD12A6 /* User.swift in Sources */,
				E57F817621AC8CAB00F4DB49 /* LocationListActivity.swift in Sources */,
				E5247E0621B4A4C400701F97 /* MapActivity.swift in Sources */,
				E5247DFE21B358C700701F97 /* Item.swift in Sources */,
				E57F816921A9F35800F4DB49 /* RegisterViewController.swift in Sources */,
				E5247DF821ACA43B00701F97 /* AddItemActivity.swift in Sources */,
				E5247E0821B4A98000701F97 /* NavigateToMapActivity.swift in Sources */,
				E5247E0221B466C700701F97 /* ItemDetailActivity.swift in Sources */,
				E513B1D821A88B5500CD12A6 /* UserType.swift in Sources */,
				E513B1D121A888C900CD12A6 /* UserInformation.swift in Sources */,
				E513B1B921A87CC100CD12A6 /* AppDelegate.swift in Sources */,
			);
			runOnlyForDeploymentPostprocessing = 0;
		};
/* End PBXSourcesBuildPhase section */

/* Begin PBXVariantGroup section */
		E513B1C121A87CC300CD12A6 /* LaunchScreen.storyboard */ = {
			isa = PBXVariantGroup;
			children = (
				E513B1C221A87CC300CD12A6 /* Base */,
			);
			name = LaunchScreen.storyboard;
			sourceTree = "<group>";
		};
/* End PBXVariantGroup section */

/* Begin XCBuildConfiguration section */
		E513B1C521A87CC300CD12A6 /* Debug */ = {
			isa = XCBuildConfiguration;
			buildSettings = {
				ALWAYS_SEARCH_USER_PATHS = NO;
				CLANG_ANALYZER_NONNULL = YES;
				CLANG_ANALYZER_NUMBER_OBJECT_CONVERSION = YES_AGGRESSIVE;
				CLANG_CXX_LANGUAGE_STANDARD = "gnu++14";
				CLANG_CXX_LIBRARY = "libc++";
				CLANG_ENABLE_MODULES = YES;
				CLANG_ENABLE_OBJC_ARC = YES;
				CLANG_ENABLE_OBJC_WEAK = YES;
				CLANG_WARN_BLOCK_CAPTURE_AUTORELEASING = YES;
				CLANG_WARN_BOOL_CONVERSION = YES;
				CLANG_WARN_COMMA = YES;
				CLANG_WARN_CONSTANT_CONVERSION = YES;
				CLANG_WARN_DEPRECATED_OBJC_IMPLEMENTATIONS = YES;
				CLANG_WARN_DIRECT_OBJC_ISA_USAGE = YES_ERROR;
				CLANG_WARN_DOCUMENTATION_COMMENTS = YES;
				CLANG_WARN_EMPTY_BODY = YES;
				CLANG_WARN_ENUM_CONVERSION = YES;
				CLANG_WARN_INFINITE_RECURSION = YES;
				CLANG_WARN_INT_CONVERSION = YES;
				CLANG_WARN_NON_LITERAL_NULL_CONVERSION = YES;
				CLANG_WARN_OBJC_IMPLICIT_RETAIN_SELF = YES;
				CLANG_WARN_OBJC_LITERAL_CONVERSION = YES;
				CLANG_WARN_OBJC_ROOT_CLASS = YES_ERROR;
				CLANG_WARN_RANGE_LOOP_ANALYSIS = YES;
				CLANG_WARN_STRICT_PROTOTYPES = YES;
				CLANG_WARN_SUSPICIOUS_MOVE = YES;
				CLANG_WARN_UNGUARDED_AVAILABILITY = YES_AGGRESSIVE;
				CLANG_WARN_UNREACHABLE_CODE = YES;
				CLANG_WARN__DUPLICATE_METHOD_MATCH = YES;
				CODE_SIGN_IDENTITY = "iPhone Developer";
				COPY_PHASE_STRIP = NO;
				DEBUG_INFORMATION_FORMAT = dwarf;
				ENABLE_STRICT_OBJC_MSGSEND = YES;
				ENABLE_TESTABILITY = YES;
				GCC_C_LANGUAGE_STANDARD = gnu11;
				GCC_DYNAMIC_NO_PIC = NO;
				GCC_NO_COMMON_BLOCKS = YES;
				GCC_OPTIMIZATION_LEVEL = 0;
				GCC_PREPROCESSOR_DEFINITIONS = (
					"DEBUG=1",
					"$(inherited)",
				);
				GCC_WARN_64_TO_32_BIT_CONVERSION = YES;
				GCC_WARN_ABOUT_RETURN_TYPE = YES_ERROR;
				GCC_WARN_UNDECLARED_SELECTOR = YES;
				GCC_WARN_UNINITIALIZED_AUTOS = YES_AGGRESSIVE;
				GCC_WARN_UNUSED_FUNCTION = YES;
				GCC_WARN_UNUSED_VARIABLE = YES;
				IPHONEOS_DEPLOYMENT_TARGET = 12.0;
				MTL_ENABLE_DEBUG_INFO = INCLUDE_SOURCE;
				MTL_FAST_MATH = YES;
				ONLY_ACTIVE_ARCH = YES;
				SDKROOT = iphoneos;
				SWIFT_ACTIVE_COMPILATION_CONDITIONS = DEBUG;
				SWIFT_OPTIMIZATION_LEVEL = "-Onone";
			};
			name = Debug;
		};
		E513B1C621A87CC300CD12A6 /* Release */ = {
			isa = XCBuildConfiguration;
			buildSettings = {
				ALWAYS_SEARCH_USER_PATHS = NO;
				CLANG_ANALYZER_NONNULL = YES;
				CLANG_ANALYZER_NUMBER_OBJECT_CONVERSION = YES_AGGRESSIVE;
				CLANG_CXX_LANGUAGE_STANDARD = "gnu++14";
				CLANG_CXX_LIBRARY = "libc++";
				CLANG_ENABLE_MODULES = YES;
				CLANG_ENABLE_OBJC_ARC = YES;
				CLANG_ENABLE_OBJC_WEAK = YES;
				CLANG_WARN_BLOCK_CAPTURE_AUTORELEASING = YES;
				CLANG_WARN_BOOL_CONVERSION = YES;
				CLANG_WARN_COMMA = YES;
				CLANG_WARN_CONSTANT_CONVERSION = YES;
				CLANG_WARN_DEPRECATED_OBJC_IMPLEMENTATIONS = YES;
				CLANG_WARN_DIRECT_OBJC_ISA_USAGE = YES_ERROR;
				CLANG_WARN_DOCUMENTATION_COMMENTS = YES;
				CLANG_WARN_EMPTY_BODY = YES;
				CLANG_WARN_ENUM_CONVERSION = YES;
				CLANG_WARN_INFINITE_RECURSION = YES;
				CLANG_WARN_INT_CONVERSION = YES;
				CLANG_WARN_NON_LITERAL_NULL_CONVERSION = YES;
				CLANG_WARN_OBJC_IMPLICIT_RETAIN_SELF = YES;
				CLANG_WARN_OBJC_LITERAL_CONVERSION = YES;
				CLANG_WARN_OBJC_ROOT_CLASS = YES_ERROR;
				CLANG_WARN_RANGE_LOOP_ANALYSIS = YES;
				CLANG_WARN_STRICT_PROTOTYPES = YES;
				CLANG_WARN_SUSPICIOUS_MOVE = YES;
				CLANG_WARN_UNGUARDED_AVAILABILITY = YES_AGGRESSIVE;
				CLANG_WARN_UNREACHABLE_CODE = YES;
				CLANG_WARN__DUPLICATE_METHOD_MATCH = YES;
				CODE_SIGN_IDENTITY = "iPhone Developer";
				COPY_PHASE_STRIP = NO;
				DEBUG_INFORMATION_FORMAT = "dwarf-with-dsym";
				ENABLE_NS_ASSERTIONS = NO;
				ENABLE_STRICT_OBJC_MSGSEND = YES;
				GCC_C_LANGUAGE_STANDARD = gnu11;
				GCC_NO_COMMON_BLOCKS = YES;
				GCC_WARN_64_TO_32_BIT_CONVERSION = YES;
				GCC_WARN_ABOUT_RETURN_TYPE = YES_ERROR;
				GCC_WARN_UNDECLARED_SELECTOR = YES;
				GCC_WARN_UNINITIALIZED_AUTOS = YES_AGGRESSIVE;
				GCC_WARN_UNUSED_FUNCTION = YES;
				GCC_WARN_UNUSED_VARIABLE = YES;
				IPHONEOS_DEPLOYMENT_TARGET = 12.0;
				MTL_ENABLE_DEBUG_INFO = NO;
				MTL_FAST_MATH = YES;
				SDKROOT = iphoneos;
				SWIFT_COMPILATION_MODE = wholemodule;
				SWIFT_OPTIMIZATION_LEVEL = "-O";
				VALIDATE_PRODUCT = YES;
			};
			name = Release;
		};
		E513B1C821A87CC300CD12A6 /* Debug */ = {
			isa = XCBuildConfiguration;
			baseConfigurationReference = 7A8EE8BDE08B8FD9C309CC92 /* Pods-DonationTracker.debug.xcconfig */;
			buildSettings = {
				ASSETCATALOG_COMPILER_APPICON_NAME = AppIcon;
				CODE_SIGN_STYLE = Automatic;
				INFOPLIST_FILE = DonationTracker/Info.plist;
				LD_RUNPATH_SEARCH_PATHS = (
					"$(inherited)",
					"@executable_path/Frameworks",
				);
				PRODUCT_BUNDLE_IDENTIFIER = com.Brachio.DonationTracker;
				PRODUCT_NAME = "$(TARGET_NAME)";
				SWIFT_VERSION = 4.2;
				TARGETED_DEVICE_FAMILY = "1,2";
			};
			name = Debug;
		};
		E513B1C921A87CC300CD12A6 /* Release */ = {
			isa = XCBuildConfiguration;
			baseConfigurationReference = 316DC5580EEE5A4D7615CE47 /* Pods-DonationTracker.release.xcconfig */;
			buildSettings = {
				ASSETCATALOG_COMPILER_APPICON_NAME = AppIcon;
				CODE_SIGN_STYLE = Automatic;
				INFOPLIST_FILE = DonationTracker/Info.plist;
				LD_RUNPATH_SEARCH_PATHS = (
					"$(inherited)",
					"@executable_path/Frameworks",
				);
				PRODUCT_BUNDLE_IDENTIFIER = com.Brachio.DonationTracker;
				PRODUCT_NAME = "$(TARGET_NAME)";
				SWIFT_VERSION = 4.2;
				TARGETED_DEVICE_FAMILY = "1,2";
			};
			name = Release;
		};
/* End XCBuildConfiguration section */

/* Begin XCConfigurationList section */
		E513B1B021A87CC100CD12A6 /* Build configuration list for PBXProject "DonationTracker" */ = {
			isa = XCConfigurationList;
			buildConfigurations = (
				E513B1C521A87CC300CD12A6 /* Debug */,
				E513B1C621A87CC300CD12A6 /* Release */,
			);
			defaultConfigurationIsVisible = 0;
			defaultConfigurationName = Release;
		};
		E513B1C721A87CC300CD12A6 /* Build configuration list for PBXNativeTarget "DonationTracker" */ = {
			isa = XCConfigurationList;
			buildConfigurations = (
				E513B1C821A87CC300CD12A6 /* Debug */,
				E513B1C921A87CC300CD12A6 /* Release */,
			);
			defaultConfigurationIsVisible = 0;
			defaultConfigurationName = Release;
		};
/* End XCConfigurationList section */
	};
	rootObject = E513B1AD21A87CC100CD12A6 /* Project object */;
}
